
Microsoft Visual Studio Solution File, Format Version 12.00
# Visual Studio Version 17
VisualStudioVersion = 17.14.36603.0 d17.14
MinimumVisualStudioVersion = 10.0.40219.1
Project("{FAE04EC0-301F-11D3-BF4B-00C04F79EFBC}") = "řetízkový_graf", "řetízkový_graf\řetízkový_graf.csproj", "{CA6D38C5-E19B-4451-A65B-8D6B4560FF37}"
EndProject
Global
	GlobalSection(SolutionConfigurationPlatforms) = preSolution
		Debug|Any CPU = Debug|Any CPU
		Release|Any CPU = Release|Any CPU
	EndGlobalSection
	GlobalSection(ProjectConfigurationPlatforms) = postSolution
		{CA6D38C5-E19B-4451-A65B-8D6B4560FF37}.Debug|Any CPU.ActiveCfg = Debug|Any CPU
		{CA6D38C5-E19B-4451-A65B-8D6B4560FF37}.Debug|Any CPU.Build.0 = Debug|Any CPU
		{CA6D38C5-E19B-4451-A65B-8D6B4560FF37}.Release|Any CPU.ActiveCfg = Release|Any CPU
		{CA6D38C5-E19B-4451-A65B-8D6B4560FF37}.Release|Any CPU.Build.0 = Release|Any CPU
	EndGlobalSection
	GlobalSection(SolutionProperties) = preSolution
		HideSolutionNode = FALSE
	EndGlobalSection
	GlobalSection(ExtensibilityGlobals) = postSolution
		SolutionGuid = {636D9282-3841-4EBD-8D8C-395E5AB61B1C}
	EndGlobalSection
EndGlobal
