
Microsoft Visual Studio Solution File, Format Version 12.00
# Visual Studio Version 17
VisualStudioVersion = 17.14.36930.0 d17.14
MinimumVisualStudioVersion = 10.0.40219.1
Project("{FAE04EC0-301F-11D3-BF4B-00C04F79EFBC}") = "bublesort", "bublesort\bublesort.csproj", "{D1EA2D2F-3860-4F63-804B-1C22DC702724}"
EndProject
Global
	GlobalSection(SolutionConfigurationPlatforms) = preSolution
		Debug|Any CPU = Debug|Any CPU
		Release|Any CPU = Release|Any CPU
	EndGlobalSection
	GlobalSection(ProjectConfigurationPlatforms) = postSolution
		{D1EA2D2F-3860-4F63-804B-1C22DC702724}.Debug|Any CPU.ActiveCfg = Debug|Any CPU
		{D1EA2D2F-3860-4F63-804B-1C22DC702724}.Debug|Any CPU.Build.0 = Debug|Any CPU
		{D1EA2D2F-3860-4F63-804B-1C22DC702724}.Release|Any CPU.ActiveCfg = Release|Any CPU
		{D1EA2D2F-3860-4F63-804B-1C22DC702724}.Release|Any CPU.Build.0 = Release|Any CPU
	EndGlobalSection
	GlobalSection(SolutionProperties) = preSolution
		HideSolutionNode = FALSE
	EndGlobalSection
	GlobalSection(ExtensibilityGlobals) = postSolution
		SolutionGuid = {68D6CA79-A224-472B-BFF8-654395868F3F}
	EndGlobalSection
EndGlobal
