
Microsoft Visual Studio Solution File, Format Version 12.00
# Visual Studio Version 17
VisualStudioVersion = 17.14.36705.20 d17.14
MinimumVisualStudioVersion = 10.0.40219.1
Project("{FAE04EC0-301F-11D3-BF4B-00C04F79EFBC}") = "Kino_obsazovaci_system", "Kino_obsazovaci_system\Kino_obsazovaci_system.csproj", "{A94BB49D-6E8A-4F16-A5CA-DE4D82CA18D8}"
EndProject
Global
	GlobalSection(SolutionConfigurationPlatforms) = preSolution
		Debug|Any CPU = Debug|Any CPU
		Release|Any CPU = Release|Any CPU
	EndGlobalSection
	GlobalSection(ProjectConfigurationPlatforms) = postSolution
		{A94BB49D-6E8A-4F16-A5CA-DE4D82CA18D8}.Debug|Any CPU.ActiveCfg = Debug|Any CPU
		{A94BB49D-6E8A-4F16-A5CA-DE4D82CA18D8}.Debug|Any CPU.Build.0 = Debug|Any CPU
		{A94BB49D-6E8A-4F16-A5CA-DE4D82CA18D8}.Release|Any CPU.ActiveCfg = Release|Any CPU
		{A94BB49D-6E8A-4F16-A5CA-DE4D82CA18D8}.Release|Any CPU.Build.0 = Release|Any CPU
	EndGlobalSection
	GlobalSection(SolutionProperties) = preSolution
		HideSolutionNode = FALSE
	EndGlobalSection
	GlobalSection(ExtensibilityGlobals) = postSolution
		SolutionGuid = {A6C363E1-6B4B-456A-AAE8-69616A7460A5}
	EndGlobalSection
EndGlobal
